
Microsoft Visual Studio Solution File, Format Version 12.00
# Visual Studio Version 16
VisualStudioVersion = 16.0.33529.622
MinimumVisualStudioVersion = 10.0.40219.1
Project("{00D1A9C2-B5F0-4AF3-8072-F6C62B433612}") = "SqlFundamentals19", "SqlFundamentals19.sqlproj", "{A022F4A3-22D2-41A6-9EF0-45E83C40A739}"
EndProject
Global
	GlobalSection(SolutionConfigurationPlatforms) = preSolution
		Debug|Any CPU = Debug|Any CPU
		Release|Any CPU = Release|Any CPU
	EndGlobalSection
	GlobalSection(ProjectConfigurationPlatforms) = postSolution
		{A022F4A3-22D2-41A6-9EF0-45E83C40A739}.Debug|Any CPU.ActiveCfg = Debug|Any CPU
		{A022F4A3-22D2-41A6-9EF0-45E83C40A739}.Debug|Any CPU.Build.0 = Debug|Any CPU
		{A022F4A3-22D2-41A6-9EF0-45E83C40A739}.Debug|Any CPU.Deploy.0 = Debug|Any CPU
		{A022F4A3-22D2-41A6-9EF0-45E83C40A739}.Release|Any CPU.ActiveCfg = Release|Any CPU
		{A022F4A3-22D2-41A6-9EF0-45E83C40A739}.Release|Any CPU.Build.0 = Release|Any CPU
		{A022F4A3-22D2-41A6-9EF0-45E83C40A739}.Release|Any CPU.Deploy.0 = Release|Any CPU
	EndGlobalSection
	GlobalSection(SolutionProperties) = preSolution
		HideSolutionNode = FALSE
	EndGlobalSection
	GlobalSection(ExtensibilityGlobals) = postSolution
		SolutionGuid = {D1416C81-5977-43A2-86BC-8D259C65D486}
	EndGlobalSection
EndGlobal
